
Microsoft Visual Studio Solution File, Format Version 12.00
# Visual Studio 2012
Project("{FAE04EC0-301F-11D3-BF4B-00C04F79EFBC}") = "PipelineXamarine", "PipelineXamarine\PipelineXamarine.csproj", "{CC969DEB-161C-45CC-B04B-8F88F40FF375}"
EndProject
Project("{FAE04EC0-301F-11D3-BF4B-00C04F79EFBC}") = "PipelineXamarine.iOS", "iOS\PipelineXamarine.iOS.csproj", "{A21CF342-1426-4794-AA82-2EE0A6FBFAD3}"
EndProject
Global
	GlobalSection(SolutionConfigurationPlatforms) = preSolution
		Debug|Any CPU = Debug|Any CPU
		Release|Any CPU = Release|Any CPU
		Debug|iPhoneSimulator = Debug|iPhoneSimulator
		Release|iPhone = Release|iPhone
		Release|iPhoneSimulator = Release|iPhoneSimulator
		Debug|iPhone = Debug|iPhone
	EndGlobalSection
	GlobalSection(ProjectConfigurationPlatforms) = postSolution
		{CC969DEB-161C-45CC-B04B-8F88F40FF375}.Debug|Any CPU.ActiveCfg = Debug|Any CPU
		{CC969DEB-161C-45CC-B04B-8F88F40FF375}.Debug|Any CPU.Build.0 = Debug|Any CPU
		{CC969DEB-161C-45CC-B04B-8F88F40FF375}.Release|Any CPU.ActiveCfg = Release|Any CPU
		{CC969DEB-161C-45CC-B04B-8F88F40FF375}.Release|Any CPU.Build.0 = Release|Any CPU
		{CC969DEB-161C-45CC-B04B-8F88F40FF375}.Debug|iPhoneSimulator.ActiveCfg = Debug|Any CPU
		{CC969DEB-161C-45CC-B04B-8F88F40FF375}.Debug|iPhoneSimulator.Build.0 = Debug|Any CPU
		{CC969DEB-161C-45CC-B04B-8F88F40FF375}.Release|iPhone.ActiveCfg = Release|Any CPU
		{CC969DEB-161C-45CC-B04B-8F88F40FF375}.Release|iPhone.Build.0 = Release|Any CPU
		{CC969DEB-161C-45CC-B04B-8F88F40FF375}.Release|iPhoneSimulator.ActiveCfg = Release|Any CPU
		{CC969DEB-161C-45CC-B04B-8F88F40FF375}.Release|iPhoneSimulator.Build.0 = Release|Any CPU
		{CC969DEB-161C-45CC-B04B-8F88F40FF375}.Debug|iPhone.ActiveCfg = Debug|Any CPU
		{CC969DEB-161C-45CC-B04B-8F88F40FF375}.Debug|iPhone.Build.0 = Debug|Any CPU
		{A21CF342-1426-4794-AA82-2EE0A6FBFAD3}.Debug|Any CPU.ActiveCfg = Debug|iPhoneSimulator
		{A21CF342-1426-4794-AA82-2EE0A6FBFAD3}.Debug|Any CPU.Build.0 = Debug|iPhoneSimulator
		{A21CF342-1426-4794-AA82-2EE0A6FBFAD3}.Release|Any CPU.ActiveCfg = Release|iPhone
		{A21CF342-1426-4794-AA82-2EE0A6FBFAD3}.Release|Any CPU.Build.0 = Release|iPhone
		{A21CF342-1426-4794-AA82-2EE0A6FBFAD3}.Debug|iPhoneSimulator.ActiveCfg = Debug|iPhoneSimulator
		{A21CF342-1426-4794-AA82-2EE0A6FBFAD3}.Debug|iPhoneSimulator.Build.0 = Debug|iPhoneSimulator
		{A21CF342-1426-4794-AA82-2EE0A6FBFAD3}.Release|iPhone.ActiveCfg = Release|iPhone
		{A21CF342-1426-4794-AA82-2EE0A6FBFAD3}.Release|iPhone.Build.0 = Release|iPhone
		{A21CF342-1426-4794-AA82-2EE0A6FBFAD3}.Release|iPhoneSimulator.ActiveCfg = Release|iPhoneSimulator
		{A21CF342-1426-4794-AA82-2EE0A6FBFAD3}.Release|iPhoneSimulator.Build.0 = Release|iPhoneSimulator
		{A21CF342-1426-4794-AA82-2EE0A6FBFAD3}.Debug|iPhone.ActiveCfg = Debug|iPhone
		{A21CF342-1426-4794-AA82-2EE0A6FBFAD3}.Debug|iPhone.Build.0 = Debug|iPhone
	EndGlobalSection
EndGlobal
